// !$*UTF8*$!
{
	archiveVersion = 1;
	classes = {
	};
	objectVersion = 50;
	objects = {

/* Begin PBXBuildFile section */
		81F6F894225F203600107D1D /* AppDelegate.swift in Sources */ = {isa = PBXBuildFile; fileRef = 81F6F893225F203600107D1D /* AppDelegate.swift */; };
		81F6F896225F203600107D1D /* ViewController.swift in Sources */ = {isa = PBXBuildFile; fileRef = 81F6F895225F203600107D1D /* ViewController.swift */; };
		81F6F899225F203600107D1D /* Main.storyboard in Resources */ = {isa = PBXBuildFile; fileRef = 81F6F897225F203600107D1D /* Main.storyboard */; };
		81F6F89C225F203600107D1D /* CoreData1number.xcdatamodeld in Sources */ = {isa = PBXBuildFile; fileRef = 81F6F89A225F203600107D1D /* CoreData1number.xcdatamodeld */; };
		81F6F89E225F203600107D1D /* Assets.xcassets in Resources */ = {isa = PBXBuildFile; fileRef = 81F6F89D225F203600107D1D /* Assets.xcassets */; };
		81F6F8A1225F203600107D1D /* LaunchScreen.storyboard in Resources */ = {isa = PBXBuildFile; fileRef = 81F6F89F225F203600107D1D /* LaunchScreen.storyboard */; };
		81F6F8A9225F214600107D1D /* TableViewController.swift in Sources */ = {isa = PBXBuildFile; fileRef = 81F6F8A8225F214600107D1D /* TableViewController.swift */; };
/* End PBXBuildFile section */

/* Begin PBXFileReference section */
		81F6F890225F203600107D1D /* CoreData1number.app */ = {isa = PBXFileReference; explicitFileType = wrapper.application; includeInIndex = 0; path = CoreData1number.app; sourceTree = BUILT_PRODUCTS_DIR; };
		81F6F893225F203600107D1D /* AppDelegate.swift */ = {isa = PBXFileReference; lastKnownFileType = sourcecode.swift; path = AppDelegate.swift; sourceTree = "<group>"; };
		81F6F895225F203600107D1D /* ViewController.swift */ = {isa = PBXFileReference; lastKnownFileType = sourcecode.swift; path = ViewController.swift; sourceTree = "<group>"; };
		81F6F898225F203600107D1D /* Base */ = {isa = PBXFileReference; lastKnownFileType = file.storyboard; name = Base; path = Base.lproj/Main.storyboard; sourceTree = "<group>"; };
		81F6F89B225F203600107D1D /* CoreData1number.xcdatamodel */ = {isa = PBXFileReference; lastKnownFileType = wrapper.xcdatamodel; path = CoreData1number.xcdatamodel; sourceTree = "<group>"; };
		81F6F89D225F203600107D1D /* Assets.xcassets */ = {isa = PBXFileReference; lastKnownFileType = folder.assetcatalog; path = Assets.xcassets; sourceTree = "<group>"; };
		81F6F8A0225F203600107D1D /* Base */ = {isa = PBXFileReference; lastKnownFileType = file.storyboard; name = Base; path = Base.lproj/LaunchScreen.storyboard; sourceTree = "<group>"; };
		81F6F8A2225F203600107D1D /* Info.plist */ = {isa = PBXFileReference; lastKnownFileType = text.plist.xml; path = Info.plist; sourceTree = "<group>"; };
		81F6F8A8225F214600107D1D /* TableViewController.swift */ = {isa = PBXFileReference; lastKnownFileType = sourcecode.swift; path = TableViewController.swift; sourceTree = "<group>"; };
/* End PBXFileReference section */

/* Begin PBXFrameworksBuildPhase section */
		81F6F88D225F203600107D1D /* Frameworks */ = {
			isa = PBXFrameworksBuildPhase;
			buildActionMask = 2147483647;
			files = (
			);
			runOnlyForDeploymentPostprocessing = 0;
		};
/* End PBXFrameworksBuildPhase section */

/* Begin PBXGroup section */
		81F6F887225F203600107D1D = {
			isa = PBXGroup;
			children = (
				81F6F892225F203600107D1D /* CoreData1number */,
				81F6F891225F203600107D1D /* Products */,
			);
			sourceTree = "<group>";
		};
		81F6F891225F203600107D1D /* Products */ = {
			isa = PBXGroup;
			children = (
				81F6F890225F203600107D1D /* CoreData1number.app */,
			);
			name = Products;
			sourceTree = "<group>";
		};
		81F6F892225F203600107D1D /* CoreData1number */ = {
			isa = PBXGroup;
			children = (
				81F6F893225F203600107D1D /* AppDelegate.swift */,
				81F6F895225F203600107D1D /* ViewController.swift */,
				81F6F897225F203600107D1D /* Main.storyboard */,
				81F6F8A8225F214600107D1D /* TableViewController.swift */,
				81F6F89D225F203600107D1D /* Assets.xcassets */,
				81F6F89F225F203600107D1D /* LaunchScreen.storyboard */,
				81F6F8A2225F203600107D1D /* Info.plist */,
				81F6F89A225F203600107D1D /* CoreData1number.xcdatamodeld */,
			);
			path = CoreData1number;
			sourceTree = "<group>";
		};
/* End PBXGroup section */

/* Begin PBXNativeTarget section */
		81F6F88F225F203600107D1D /* CoreData1number */ = {
			isa = PBXNativeTarget;
			buildConfigurationList = 81F6F8A5225F203600107D1D /* Build configuration list for PBXNativeTarget "CoreData1number" */;
			buildPhases = (
				81F6F88C225F203600107D1D /* Sources */,
				81F6F88D225F203600107D1D /* Frameworks */,
				81F6F88E225F203600107D1D /* Resources */,
			);
			buildRules = (
			);
			dependencies = (
			);
			name = CoreData1number;
			productName = CoreData1number;
			productReference = 81F6F890225F203600107D1D /* CoreData1number.app */;
			productType = "com.apple.product-type.application";
		};
/* End PBXNativeTarget section */

/* Begin PBXProject section */
		81F6F888225F203600107D1D /* Project object */ = {
			isa = PBXProject;
			attributes = {
				LastSwiftUpdateCheck = 1020;
				LastUpgradeCheck = 1020;
				ORGANIZATIONNAME = Boss;
				TargetAttributes = {
					81F6F88F225F203600107D1D = {
						CreatedOnToolsVersion = 10.2;
					};
				};
			};
			buildConfigurationList = 81F6F88B225F203600107D1D /* Build configuration list for PBXProject "CoreData1number" */;
			compatibilityVersion = "Xcode 9.3";
			developmentRegion = en;
			hasScannedForEncodings = 0;
			knownRegions = (
				en,
				Base,
			);
			mainGroup = 81F6F887225F203600107D1D;
			productRefGroup = 81F6F891225F203600107D1D /* Products */;
			projectDirPath = "";
			projectRoot = "";
			targets = (
				81F6F88F225F203600107D1D /* CoreData1number */,
			);
		};
/* End PBXProject section */

/* Begin PBXResourcesBuildPhase section */
		81F6F88E225F203600107D1D /* Resources */ = {
			isa = PBXResourcesBuildPhase;
			buildActionMask = 2147483647;
			files = (
				81F6F8A1225F203600107D1D /* LaunchScreen.storyboard in Resources */,
				81F6F89E225F203600107D1D /* Assets.xcassets in Resources */,
				81F6F899225F203600107D1D /* Main.storyboard in Resources */,
			);
			runOnlyForDeploymentPostprocessing = 0;
		};
/* End PBXResourcesBuildPhase section */

/* Begin PBXSourcesBuildPhase section */
		81F6F88C225F203600107D1D /* Sources */ = {
			isa = PBXSourcesBuildPhase;
			buildActionMask = 2147483647;
			files = (
				81F6F896225F203600107D1D /* ViewController.swift in Sources */,
				81F6F89C225F203600107D1D /* CoreData1number.xcdatamodeld in Sources */,
				81F6F894225F203600107D1D /* AppDelegate.swift in Sources */,
				81F6F8A9225F214600107D1D /* TableViewController.swift in Sources */,
			);
			runOnlyForDeploymentPostprocessing = 0;
		};
/* End PBXSourcesBuildPhase section */

/* Begin PBXVariantGroup section */
		81F6F897225F203600107D1D /* Main.storyboard */ = {
			isa = PBXVariantGroup;
			children = (
				81F6F898225F203600107D1D /* Base */,
			);
			name = Main.storyboard;
			sourceTree = "<group>";
		};
		81F6F89F225F203600107D1D /* LaunchScreen.storyboard */ = {
			isa = PBXVariantGroup;
			children = (
				81F6F8A0225F203600107D1D /* Base */,
			);
			name = LaunchScreen.storyboard;
			sourceTree = "<group>";
		};
/* End PBXVariantGroup section */

/* Begin XCBuildConfiguration section */
		81F6F8A3225F203600107D1D /* Debug */ = {
			isa = XCBuildConfiguration;
			buildSettings = {
				ALWAYS_SEARCH_USER_PATHS = NO;
				CLANG_ANALYZER_NONNULL = YES;
				CLANG_ANALYZER_NUMBER_OBJECT_CONVERSION = YES_AGGRESSIVE;
				CLANG_CXX_LANGUAGE_STANDARD = "gnu++14";
				CLANG_CXX_LIBRARY = "libc++";
				CLANG_ENABLE_MODULES = YES;
				CLANG_ENABLE_OBJC_ARC = YES;
				CLANG_ENABLE_OBJC_WEAK = YES;
				CLANG_WARN_BLOCK_CAPTURE_AUTORELEASING = YES;
				CLANG_WARN_BOOL_CONVERSION = YES;
				CLANG_WARN_COMMA = YES;
				CLANG_WARN_CONSTANT_CONVERSION = YES;
				CLANG_WARN_DEPRECATED_OBJC_IMPLEMENTATIONS = YES;
				CLANG_WARN_DIRECT_OBJC_ISA_USAGE = YES_ERROR;
				CLANG_WARN_DOCUMENTATION_COMMENTS = YES;
				CLANG_WARN_EMPTY_BODY = YES;
				CLANG_WARN_ENUM_CONVERSION = YES;
				CLANG_WARN_INFINITE_RECURSION = YES;
				CLANG_WARN_INT_CONVERSION = YES;
				CLANG_WARN_NON_LITERAL_NULL_CONVERSION = YES;
				CLANG_WARN_OBJC_IMPLICIT_RETAIN_SELF = YES;
				CLANG_WARN_OBJC_LITERAL_CONVERSION = YES;
				CLANG_WARN_OBJC_ROOT_CLASS = YES_ERROR;
				CLANG_WARN_RANGE_LOOP_ANALYSIS = YES;
				CLANG_WARN_STRICT_PROTOTYPES = YES;
				CLANG_WARN_SUSPICIOUS_MOVE = YES;
				CLANG_WARN_UNGUARDED_AVAILABILITY = YES_AGGRESSIVE;
				CLANG_WARN_UNREACHABLE_CODE = YES;
				CLANG_WARN__DUPLICATE_METHOD_MATCH = YES;
				CODE_SIGN_IDENTITY = "iPhone Developer";
				COPY_PHASE_STRIP = NO;
				DEBUG_INFORMATION_FORMAT = dwarf;
				ENABLE_STRICT_OBJC_MSGSEND = YES;
				ENABLE_TESTABILITY = YES;
				GCC_C_LANGUAGE_STANDARD = gnu11;
				GCC_DYNAMIC_NO_PIC = NO;
				GCC_NO_COMMON_BLOCKS = YES;
				GCC_OPTIMIZATION_LEVEL = 0;
				GCC_PREPROCESSOR_DEFINITIONS = (
					"DEBUG=1",
					"$(inherited)",
				);
				GCC_WARN_64_TO_32_BIT_CONVERSION = YES;
				GCC_WARN_ABOUT_RETURN_TYPE = YES_ERROR;
				GCC_WARN_UNDECLARED_SELECTOR = YES;
				GCC_WARN_UNINITIALIZED_AUTOS = YES_AGGRESSIVE;
				GCC_WARN_UNUSED_FUNCTION = YES;
				GCC_WARN_UNUSED_VARIABLE = YES;
				IPHONEOS_DEPLOYMENT_TARGET = 12.2;
				MTL_ENABLE_DEBUG_INFO = INCLUDE_SOURCE;
				MTL_FAST_MATH = YES;
				ONLY_ACTIVE_ARCH = YES;
				SDKROOT = iphoneos;
				SWIFT_ACTIVE_COMPILATION_CONDITIONS = DEBUG;
				SWIFT_OPTIMIZATION_LEVEL = "-Onone";
			};
			name = Debug;
		};
		81F6F8A4225F203600107D1D /* Release */ = {
			isa = XCBuildConfiguration;
			buildSettings = {
				ALWAYS_SEARCH_USER_PATHS = NO;
				CLANG_ANALYZER_NONNULL = YES;
				CLANG_ANALYZER_NUMBER_OBJECT_CONVERSION = YES_AGGRESSIVE;
				CLANG_CXX_LANGUAGE_STANDARD = "gnu++14";
				CLANG_CXX_LIBRARY = "libc++";
				CLANG_ENABLE_MODULES = YES;
				CLANG_ENABLE_OBJC_ARC = YES;
				CLANG_ENABLE_OBJC_WEAK = YES;
				CLANG_WARN_BLOCK_CAPTURE_AUTORELEASING = YES;
				CLANG_WARN_BOOL_CONVERSION = YES;
				CLANG_WARN_COMMA = YES;
				CLANG_WARN_CONSTANT_CONVERSION = YES;
				CLANG_WARN_DEPRECATED_OBJC_IMPLEMENTATIONS = YES;
				CLANG_WARN_DIRECT_OBJC_ISA_USAGE = YES_ERROR;
				CLANG_WARN_DOCUMENTATION_COMMENTS = YES;
				CLANG_WARN_EMPTY_BODY = YES;
				CLANG_WARN_ENUM_CONVERSION = YES;
				CLANG_WARN_INFINITE_RECURSION = YES;
				CLANG_WARN_INT_CONVERSION = YES;
				CLANG_WARN_NON_LITERAL_NULL_CONVERSION = YES;
				CLANG_WARN_OBJC_IMPLICIT_RETAIN_SELF = YES;
				CLANG_WARN_OBJC_LITERAL_CONVERSION = YES;
				CLANG_WARN_OBJC_ROOT_CLASS = YES_ERROR;
				CLANG_WARN_RANGE_LOOP_ANALYSIS = YES;
				CLANG_WARN_STRICT_PROTOTYPES = YES;
				CLANG_WARN_SUSPICIOUS_MOVE = YES;
				CLANG_WARN_UNGUARDED_AVAILABILITY = YES_AGGRESSIVE;
				CLANG_WARN_UNREACHABLE_CODE = YES;
				CLANG_WARN__DUPLICATE_METHOD_MATCH = YES;
				CODE_SIGN_IDENTITY = "iPhone Developer";
				COPY_PHASE_STRIP = NO;
				DEBUG_INFORMATION_FORMAT = "dwarf-with-dsym";
				ENABLE_NS_ASSERTIONS = NO;
				ENABLE_STRICT_OBJC_MSGSEND = YES;
				GCC_C_LANGUAGE_STANDARD = gnu11;
				GCC_NO_COMMON_BLOCKS = YES;
				GCC_WARN_64_TO_32_BIT_CONVERSION = YES;
				GCC_WARN_ABOUT_RETURN_TYPE = YES_ERROR;
				GCC_WARN_UNDECLARED_SELECTOR = YES;
				GCC_WARN_UNINITIALIZED_AUTOS = YES_AGGRESSIVE;
				GCC_WARN_UNUSED_FUNCTION = YES;
				GCC_WARN_UNUSED_VARIABLE = YES;
				IPHONEOS_DEPLOYMENT_TARGET = 12.2;
				MTL_ENABLE_DEBUG_INFO = NO;
				MTL_FAST_MATH = YES;
				SDKROOT = iphoneos;
				SWIFT_COMPILATION_MODE = wholemodule;
				SWIFT_OPTIMIZATION_LEVEL = "-O";
				VALIDATE_PRODUCT = YES;
			};
			name = Release;
		};
		81F6F8A6225F203600107D1D /* Debug */ = {
			isa = XCBuildConfiguration;
			buildSettings = {
				ASSETCATALOG_COMPILER_APPICON_NAME = AppIcon;
				CODE_SIGN_STYLE = Automatic;
				INFOPLIST_FILE = CoreData1number/Info.plist;
				LD_RUNPATH_SEARCH_PATHS = (
					"$(inherited)",
					"@executable_path/Frameworks",
				);
				PRODUCT_BUNDLE_IDENTIFIER = cherry.CoreData1number;
				PRODUCT_NAME = "$(TARGET_NAME)";
				SWIFT_VERSION = 5.0;
				TARGETED_DEVICE_FAMILY = "1,2";
			};
			name = Debug;
		};
		81F6F8A7225F203600107D1D /* Release */ = {
			isa = XCBuildConfiguration;
			buildSettings = {
				ASSETCATALOG_COMPILER_APPICON_NAME = AppIcon;
				CODE_SIGN_STYLE = Automatic;
				INFOPLIST_FILE = CoreData1number/Info.plist;
				LD_RUNPATH_SEARCH_PATHS = (
					"$(inherited)",
					"@executable_path/Frameworks",
				);
				PRODUCT_BUNDLE_IDENTIFIER = cherry.CoreData1number;
				PRODUCT_NAME = "$(TARGET_NAME)";
				SWIFT_VERSION = 5.0;
				TARGETED_DEVICE_FAMILY = "1,2";
			};
			name = Release;
		};
/* End XCBuildConfiguration section */

/* Begin XCConfigurationList section */
		81F6F88B225F203600107D1D /* Build configuration list for PBXProject "CoreData1number" */ = {
			isa = XCConfigurationList;
			buildConfigurations = (
				81F6F8A3225F203600107D1D /* Debug */,
				81F6F8A4225F203600107D1D /* Release */,
			);
			defaultConfigurationIsVisible = 0;
			defaultConfigurationName = Release;
		};
		81F6F8A5225F203600107D1D /* Build configuration list for PBXNativeTarget "CoreData1number" */ = {
			isa = XCConfigurationList;
			buildConfigurations = (
				81F6F8A6225F203600107D1D /* Debug */,
				81F6F8A7225F203600107D1D /* Release */,
			);
			defaultConfigurationIsVisible = 0;
			defaultConfigurationName = Release;
		};
/* End XCConfigurationList section */

/* Begin XCVersionGroup section */
		81F6F89A225F203600107D1D /* CoreData1number.xcdatamodeld */ = {
			isa = XCVersionGroup;
			children = (
				81F6F89B225F203600107D1D /* CoreData1number.xcdatamodel */,
			);
			currentVersion = 81F6F89B225F203600107D1D /* CoreData1number.xcdatamodel */;
			path = CoreData1number.xcdatamodeld;
			sourceTree = "<group>";
			versionGroupType = wrapper.xcdatamodel;
		};
/* End XCVersionGroup section */
	};
	rootObject = 81F6F888225F203600107D1D /* Project object */;
}
